# This file is automatically @generated by Poetry 2.4.1 and should not be changed by hand.

[[package]]
name = "colorama"
version = "0.4.6"
description = "Cross-platform colored terminal text."
optional = false
python-versions = "!=3.0.*,!=3.1.*,!=3.2.*,!=3.3.*,!=3.4.*,!=3.5.*,!=3.6.*,>=2.7"
groups = ["test"]
markers = "sys_platform == \"win32\""
files = [
    {file = "colorama-0.4.6-py2.py3-none-any.whl", hash = "sha256:4f1d9991f5acc0ca119f9d443620b77f9d6b33703e51011c16baf57afb285fc6"},
    {file = "colorama-0.4.6.tar.gz", hash = "sha256:08695f5cb7ed6e0531a20572697297273c47b8cae5a63ffc6d6ed5c201be6e44"},
]

[[package]]
name = "coverage"
version = "7.13.1"
description = "Code coverage measurement for Python"
optional = false
python-versions = ">=3.10"
groups = ["test"]
files = [
    {file = "coverage-7.13.1-cp310-cp310-macosx_10_9_x86_64.whl", hash = "sha256:e1fa280b3ad78eea5be86f94f461c04943d942697e0dac889fa18fff8f5f9147"},
    {file = "coverage-7.13.1-cp310-cp310-macosx_11_0_arm64.whl", hash = "sha256:c3d8c679607220979434f494b139dfb00131ebf70bb406553d69c1ff01a5c33d"},
    {file = "coverage-7.13.1-cp310-cp310-manylinux1_i686.manylinux_2_28_i686.manylinux_2_5_i686.whl", hash = "sha256:339dc63b3eba969067b00f41f15ad161bf2946613156fb131266d8debc8e44d0"},
    {file = "coverage-7.13.1-cp310-cp310-manylinux1_x86_64.manylinux_2_28_x86_64.manylinux_2_5_x86_64.whl", hash = "sha256:db622b999ffe49cb891f2fff3b340cdc2f9797d01a0a202a0973ba2562501d90"},
    {file = "coverage-7.13.1-cp310-cp310-manylinux2014_aarch64.manylinux_2_17_aarch64.manylinux_2_28_aarch64.whl", hash = "sha256:d1443ba9acbb593fa7c1c29e011d7c9761545fe35e7652e85ce7f51a16f7e08d"},
    {file = "coverage-7.13.1-cp310-cp310-manylinux_2_31_riscv64.manylinux_2_39_riscv64.whl", hash = "sha256:c832ec92c4499ac463186af72f9ed4d8daec15499b16f0a879b0d1c8e5cf4a3b"},
    {file = "coverage-7.13.1-cp310-cp310-musllinux_1_2_aarch64.whl", hash = "sha256:562ec27dfa3f311e0db1ba243ec6e5f6ab96b1edfcfc6cf86f28038bc4961ce6"},
    {file = "coverage-7.13.1-cp310-cp310-musllinux_1_2_i686.whl", hash = "sha256:4de84e71173d4dada2897e5a0e1b7877e5eefbfe0d6a44edee6ce31d9b8ec09e"},
    {file = "coverage-7.13.1-cp310-cp310-musllinux_1_2_riscv64.whl", hash = "sha256:a5a68357f686f8c4d527a2dc04f52e669c2fc1cbde38f6f7eb6a0e58cbd17cae"},
    {file = "coverage-7.13.1-cp310-cp310-musllinux_1_2_x86_64.whl", hash = "sha256:77cc258aeb29a3417062758975521eae60af6f79e930d6993555eeac6a8eac29"},
    {file = "coverage-7.13.1-cp310-cp310-win32.whl", hash = "sha256:bb4f8c3c9a9f34423dba193f241f617b08ffc63e27f67159f60ae6baf2dcfe0f"},
    {file = "coverage-7.13.1-cp310-cp310-win_amd64.whl", hash = "sha256:c8e2706ceb622bc63bac98ebb10ef5da80ed70fbd8a7999a5076de3afaef0fb1"},
    {file = "coverage-7.13.1-cp311-cp311-macosx_10_9_x86_64.whl", hash = "sha256:1a55d509a1dc5a5b708b5dad3b5334e07a16ad4c2185e27b40e4dba796ab7f88"},
    {file = "coverage-7.13.1-cp311-cp311-macosx_11_0_arm64.whl", hash = "sha256:4d010d080c4888371033baab27e47c9df7d6fb28d0b7b7adf85a4a49be9298b3"},
    {file = "coverage-7.13.1-cp311-cp311-manylinux1_i686.manylinux_2_28_i686.manylinux_2_5_i686.whl", hash = "sha256:d938b4a840fb1523b9dfbbb454f652967f18e197569c32266d4d13f37244c3d9"},
    {file = "coverage-7.13.1-cp311-cp311-manylinux1_x86_64.manylinux_2_28_x86_64.manylinux_2_5_x86_64.whl", hash = "sha256:bf100a3288f9bb7f919b87eb84f87101e197535b9bd0e2c2b5b3179633324fee"},
    {file = "coverage-7.13.1-cp311-cp311-manylinux2014_aarch64.manylinux_2_17_aarch64.manylinux_2_28_aarch64.whl", hash = "sha256:ef6688db9bf91ba111ae734ba6ef1a063304a881749726e0d3575f5c10a9facf"},
    {file = "coverage-7.13.1-cp311-cp311-manylinux_2_31_riscv64.manylinux_2_39_riscv64.whl", hash = "sha256:0b609fc9cdbd1f02e51f67f51e5aee60a841ef58a68d00d5ee2c0faf357481a3"},
    {file = "coverage-7.13.1-cp311-cp311-musllinux_1_2_aarch64.whl", hash = "sha256:c43257717611ff5e9a1d79dce8e47566235ebda63328718d9b65dd640bc832ef"},
    {file = "coverage-7.13.1-cp311-cp311-musllinux_1_2_i686.whl", hash = "sha256:e09fbecc007f7b6afdfb3b07ce5bd9f8494b6856dd4f577d26c66c391b829851"},
    {file = "coverage-7.13.1-cp311-cp311-musllinux_1_2_riscv64.whl", hash = "sha256:a03a4f3a19a189919c7055098790285cc5c5b0b3976f8d227aea39dbf9f8bfdb"},
    {file = "coverage-7.13.1-cp311-cp311-musllinux_1_2_x86_64.whl", hash = "sha256:3820778ea1387c2b6a818caec01c63adc5b3750211af6447e8dcfb9b6f08dbba"},
    {file = "coverage-7.13.1-cp311-cp311-win32.whl", hash = "sha256:ff10896fa55167371960c5908150b434b71c876dfab97b69478f22c8b445ea19"},
    {file = "coverage-7.13.1-cp311-cp311-win_amd64.whl", hash = "sha256:a998cc0aeeea4c6d5622a3754da5a493055d2d95186bad877b0a34ea6e6dbe0a"},
    {file = "coverage-7.13.1-cp311-cp311-win_arm64.whl", hash = "sha256:fea07c1a39a22614acb762e3fbbb4011f65eedafcb2948feeef641ac78b4ee5c"},
    {file = "coverage-7.13.1-cp312-cp312-macosx_10_13_x86_64.whl", hash = "sha256:6f34591000f06e62085b1865c9bc5f7858df748834662a51edadfd2c3bfe0dd3"},
    {file = "coverage-7.13.1-cp312-cp312-macosx_11_0_arm64.whl", hash = "sha256:b67e47c5595b9224599016e333f5ec25392597a89d5744658f837d204e16c63e"},
    {file = "coverage-7.13.1-cp312-cp312-manylinux1_i686.manylinux_2_28_i686.manylinux_2_5_i686.whl", hash = "sha256:3e7b8bd70c48ffb28461ebe092c2345536fb18bbbf19d287c8913699735f505c"},
    {file = "coverage-7.13.1-cp312-cp312-manylinux1_x86_64.manylinux_2_28_x86_64.manylinux_2_5_x86_64.whl", hash = "sha256:c223d078112e90dc0e5c4e35b98b9584164bea9fbbd221c0b21c5241f6d51b62"},
    {file = "coverage-7.13.1-cp312-cp312-manylinux2014_aarch64.manylinux_2_17_aarch64.manylinux_2_28_aarch64.whl", hash = "sha256:794f7c05af0763b1bbd1b9e6eff0e52ad068be3b12cd96c87de037b01390c968"},
    {file = "coverage-7.13.1-cp312-cp312-manylinux_2_31_riscv64.manylinux_2_39_riscv64.whl", hash = "sha256:0642eae483cc8c2902e4af7298bf886d605e80f26382124cddc3967c2a3df09e"},
    {file = "coverage-7.13.1-cp312-cp312-musllinux_1_2_aarch64.whl", hash = "sha256:9f5e772ed5fef25b3de9f2008fe67b92d46831bd2bc5bdc5dd6bfd06b83b316f"},
    {file = "coverage-7.13.1-cp312-cp312-musllinux_1_2_i686.whl", hash = "sha256:45980ea19277dc0a579e432aef6a504fe098ef3a9032ead15e446eb0f1191aee"},
    {file = "coverage-7.13.1-cp312-cp312-musllinux_1_2_riscv64.whl", hash = "sha256:e4f18eca6028ffa62adbd185a8f1e1dd242f2e68164dba5c2b74a5204850b4cf"},
    {file = "coverage-7.13.1-cp312-cp312-musllinux_1_2_x86_64.whl", hash = "sha256:f8dca5590fec7a89ed6826fce625595279e586ead52e9e958d3237821fbc750c"},
    {file = "coverage-7.13.1-cp312-cp312-win32.whl", hash = "sha256:ff86d4e85188bba72cfb876df3e11fa243439882c55957184af44a35bd5880b7"},
    {file = "coverage-7.13.1-cp312-cp312-win_amd64.whl", hash = "sha256:16cc1da46c04fb0fb128b4dc430b78fa2aba8a6c0c9f8eb391fd5103409a6ac6"},
    {file = "coverage-7.13.1-cp312-cp312-win_arm64.whl", hash = "sha256:8d9bc218650022a768f3775dd7fdac1886437325d8d295d923ebcfef4892ad5c"},
    {file = "coverage-7.13.1-cp313-cp313-macosx_10_13_x86_64.whl", hash = "sha256:cb237bfd0ef4d5eb6a19e29f9e528ac67ac3be932ea6b44fb6cc09b9f3ecff78"},
    {file = "coverage-7.13.1-cp313-cp313-macosx_11_0_arm64.whl", hash = "sha256:1dcb645d7e34dcbcc96cd7c132b1fc55c39263ca62eb961c064eb3928997363b"},
    {file = "coverage-7.13.1-cp313-cp313-manylinux1_i686.manylinux_2_28_i686.manylinux_2_5_i686.whl", hash = "sha256:3d42df8201e00384736f0df9be2ced39324c3907607d17d50d50116c989d84cd"},
    {file = "coverage-7.13.1-cp313-cp313-manylinux1_x86_64.manylinux_2_28_x86_64.manylinux_2_5_x86_64.whl", hash = "sha256:fa3edde1aa8807de1d05934982416cb3ec46d1d4d91e280bcce7cca01c507992"},
    {file = "coverage-7.13.1-cp313-cp313-manylinux2014_aarch64.manylinux_2_17_aarch64.manylinux_2_28_aarch64.whl", hash = "sha256:9edd0e01a343766add6817bc448408858ba6b489039eaaa2018474e4001651a4"},
    {file = "coverage-7.13.1-cp313-cp313-manylinux_2_31_riscv64.manylinux_2_39_riscv64.whl", hash = "sha256:985b7836931d033570b94c94713c6dba5f9d3ff26045f72c3e5dbc5fe3361e5a"},
    {file = "coverage-7.13.1-cp313-cp313-musllinux_1_2_aarch64.whl", hash = "sha256:ffed1e4980889765c84a5d1a566159e363b71d6b6fbaf0bebc9d3c30bc016766"},
    {file = "coverage-7.13.1-cp313-cp313-musllinux_1_2_i686.whl", hash = "sha256:8842af7f175078456b8b17f1b73a0d16a65dcbdc653ecefeb00a56b3c8c298c4"},
    {file = "coverage-7.13.1-cp313-cp313-musllinux_1_2_riscv64.whl", hash = "sha256:ccd7a6fca48ca9c131d9b0a2972a581e28b13416fc313fb98b6d24a03ce9a398"},
    {file = "coverage-7.13.1-cp313-cp313-musllinux_1_2_x86_64.whl", hash = "sha256:0403f647055de2609be776965108447deb8e384fe4a553c119e3ff6bfbab4784"},
    {file = "coverage-7.13.1-cp313-cp313-win32.whl", hash = "sha256:549d195116a1ba1e1ae2f5ca143f9777800f6636eab917d4f02b5310d6d73461"},
    {file = "coverage-7.13.1-cp313-cp313-win_amd64.whl", hash = "sha256:5899d28b5276f536fcf840b18b61a9fce23cc3aec1d114c44c07fe94ebeaa500"},
    {file = "coverage-7.13.1-cp313-cp313-win_arm64.whl", hash = "sha256:868a2fae76dfb06e87291bcbd4dcbcc778a8500510b618d50496e520bd94d9b9"},
    {file = "coverage-7.13.1-cp313-cp313t-macosx_10_13_x86_64.whl", hash = "sha256:67170979de0dacac3f3097d02b0ad188d8edcea44ccc44aaa0550af49150c7dc"},
    {file = "coverage-7.13.1-cp313-cp313t-macosx_11_0_arm64.whl", hash = "sha256:f80e2bb21bfab56ed7405c2d79d34b5dc0bc96c2c1d2a067b643a09fb756c43a"},
    {file = "coverage-7.13.1-cp313-cp313t-manylinux1_i686.manylinux_2_28_i686.manylinux_2_5_i686.whl", hash = "sha256:f83351e0f7dcdb14d7326c3d8d8c4e915fa685cbfdc6281f9470d97a04e9dfe4"},
    {file = "coverage-7.13.1-cp313-cp313t-manylinux1_x86_64.manylinux_2_28_x86_64.manylinux_2_5_x86_64.whl", hash = "sha256:bb3f6562e89bad0110afbe64e485aac2462efdce6232cdec7862a095dc3412f6"},
    {file = "coverage-7.13.1-cp313-cp313t-manylinux2014_aarch64.manylinux_2_17_aarch64.manylinux_2_28_aarch64.whl", hash = "sha256:77545b5dcda13b70f872c3b5974ac64c21d05e65b1590b441c8560115dc3a0d1"},
    {file = "coverage-7.13.1-cp313-cp313t-manylinux_2_31_riscv64.manylinux_2_39_riscv64.whl", hash = "sha256:a4d240d260a1aed814790bbe1f10a5ff31ce6c21bc78f0da4a1e8268d6c80dbd"},
    {file = "coverage-7.13.1-cp313-cp313t-musllinux_1_2_aarch64.whl", hash = "sha256:d2287ac9360dec3837bfdad969963a5d073a09a85d898bd86bea82aa8876ef3c"},
    {file = "coverage-7.13.1-cp313-cp313t-musllinux_1_2_i686.whl", hash = "sha256:0d2c11f3ea4db66b5cbded23b20185c35066892c67d80ec4be4bab257b9ad1e0"},
    {file = "coverage-7.13.1-cp313-cp313t-musllinux_1_2_riscv64.whl", hash = "sha256:3fc6a169517ca0d7ca6846c3c5392ef2b9e38896f61d615cb75b9e7134d4ee1e"},
    {file = "coverage-7.13.1-cp313-cp313t-musllinux_1_2_x86_64.whl", hash = "sha256:d10a2ed46386e850bb3de503a54f9fe8192e5917fcbb143bfef653a9355e9a53"},
    {file = "coverage-7.13.1-cp313-cp313t-win32.whl", hash = "sha256:75a6f4aa904301dab8022397a22c0039edc1f51e90b83dbd4464b8a38dc87842"},
    {file = "coverage-7.13.1-cp313-cp313t-win_amd64.whl", hash = "sha256:309ef5706e95e62578cda256b97f5e097916a2c26247c287bbe74794e7150df2"},
    {file = "coverage-7.13.1-cp313-cp313t-win_arm64.whl", hash = "sha256:92f980729e79b5d16d221038dbf2e8f9a9136afa072f9d5d6ed4cb984b126a09"},
    {file = "coverage-7.13.1-cp314-cp314-macosx_10_15_x86_64.whl", hash = "sha256:97ab3647280d458a1f9adb85244e81587505a43c0c7cff851f5116cd2814b894"},
    {file = "coverage-7.13.1-cp314-cp314-macosx_11_0_arm64.whl", hash = "sha256:8f572d989142e0908e6acf57ad1b9b86989ff057c006d13b76c146ec6a20216a"},
    {file = "coverage-7.13.1-cp314-cp314-manylinux1_i686.manylinux_2_28_i686.manylinux_2_5_i686.whl", hash = "sha256:d72140ccf8a147e94274024ff6fd8fb7811354cf7ef88b1f0a988ebaa5bc774f"},
    {file = "coverage-7.13.1-cp314-cp314-manylinux1_x86_64.manylinux_2_28_x86_64.manylinux_2_5_x86_64.whl", hash = "sha256:d3c9f051b028810f5a87c88e5d6e9af3c0ff32ef62763bf15d29f740453ca909"},
    {file = "coverage-7.13.1-cp314-cp314-manylinux2014_aarch64.manylinux_2_17_aarch64.manylinux_2_28_aarch64.whl", hash = "sha256:f398ba4df52d30b1763f62eed9de5620dcde96e6f491f4c62686736b155aa6e4"},
    {file = "coverage-7.13.1-cp314-cp314-manylinux_2_31_riscv64.manylinux_2_39_riscv64.whl", hash = "sha256:132718176cc723026d201e347f800cd1a9e4b62ccd3f82476950834dad501c75"},
    {file = "coverage-7.13.1-cp314-cp314-musllinux_1_2_aarch64.whl", hash = "sha256:9e549d642426e3579b3f4b92d0431543b012dcb6e825c91619d4e93b7363c3f9"},
    {file = "coverage-7.13.1-cp314-cp314-musllinux_1_2_i686.whl", hash = "sha256:90480b2134999301eea795b3a9dbf606c6fbab1b489150c501da84a959442465"},
    {file = "coverage-7.13.1-cp314-cp314-musllinux_1_2_riscv64.whl", hash = "sha256:e825dbb7f84dfa24663dd75835e7257f8882629fc11f03ecf77d84a75134b864"},
    {file = "coverage-7.13.1-cp314-cp314-musllinux_1_2_x86_64.whl", hash = "sha256:623dcc6d7a7ba450bbdbeedbaa0c42b329bdae16491af2282f12a7e809be7eb9"},
    {file = "coverage-7.13.1-cp314-cp314-win32.whl", hash = "sha256:6e73ebb44dca5f708dc871fe0b90cf4cff1a13f9956f747cc87b535a840386f5"},
    {file = "coverage-7.13.1-cp314-cp314-win_amd64.whl", hash = "sha256:be753b225d159feb397bd0bf91ae86f689bad0da09d3b301478cd39b878ab31a"},
    {file = "coverage-7.13.1-cp314-cp314-win_arm64.whl", hash = "sha256:228b90f613b25ba0019361e4ab81520b343b622fc657daf7e501c4ed6a2366c0"},
    {file = "coverage-7.13.1-cp314-cp314t-macosx_10_15_x86_64.whl", hash = "sha256:60cfb538fe9ef86e5b2ab0ca8fc8d62524777f6c611dcaf76dc16fbe9b8e698a"},
    {file = "coverage-7.13.1-cp314-cp314t-macosx_11_0_arm64.whl", hash = "sha256:57dfc8048c72ba48a8c45e188d811e5efd7e49b387effc8fb17e97936dde5bf6"},
    {file = "coverage-7.13.1-cp314-cp314t-manylinux1_i686.manylinux_2_28_i686.manylinux_2_5_i686.whl", hash = "sha256:3f2f725aa3e909b3c5fdb8192490bdd8e1495e85906af74fe6e34a2a77ba0673"},
    {file = "coverage-7.13.1-cp314-cp314t-manylinux1_x86_64.manylinux_2_28_x86_64.manylinux_2_5_x86_64.whl", hash = "sha256:9ee68b21909686eeb21dfcba2c3b81fee70dcf38b140dcd5aa70680995fa3aa5"},
    {file = "coverage-7.13.1-cp314-cp314t-manylinux2014_aarch64.manylinux_2_17_aarch64.manylinux_2_28_aarch64.whl", hash = "sha256:724b1b270cb13ea2e6503476e34541a0b1f62280bc997eab443f87790202033d"},
    {file = "coverage-7.13.1-cp314-cp314t-manylinux_2_31_riscv64.manylinux_2_39_riscv64.whl", hash = "sha256:916abf1ac5cf7eb16bc540a5bf75c71c43a676f5c52fcb9fe75a2bd75fb944e8"},
    {file = "coverage-7.13.1-cp314-cp314t-musllinux_1_2_aarch64.whl", hash = "sha256:776483fd35b58d8afe3acbd9988d5de592ab6da2d2a865edfdbc9fdb43e7c486"},
    {file = "coverage-7.13.1-cp314-cp314t-musllinux_1_2_i686.whl", hash = "sha256:b6f3b96617e9852703f5b633ea01315ca45c77e879584f283c44127f0f1ec564"},
    {file = "coverage-7.13.1-cp314-cp314t-musllinux_1_2_riscv64.whl", hash = "sha256:bd63e7b74661fed317212fab774e2a648bc4bb09b35f25474f8e3325d2945cd7"},
    {file = "coverage-7.13.1-cp314-cp314t-musllinux_1_2_x86_64.whl", hash = "sha256:933082f161bbb3e9f90d00990dc956120f608cdbcaeea15c4d897f56ef4fe416"},
    {file = "coverage-7.13.1-cp314-cp314t-win32.whl", hash = "sha256:18be793c4c87de2965e1c0f060f03d9e5aff66cfeae8e1dbe6e5b88056ec153f"},
    {file = "coverage-7.13.1-cp314-cp314t-win_amd64.whl", hash = "sha256:0e42e0ec0cd3e0d851cb3c91f770c9301f48647cb2877cb78f74bdaa07639a79"},
    {file = "coverage-7.13.1-cp314-cp314t-win_arm64.whl", hash = "sha256:eaecf47ef10c72ece9a2a92118257da87e460e113b83cc0d2905cbbe931792b4"},
    {file = "coverage-7.13.1-py3-none-any.whl", hash = "sha256:2016745cb3ba554469d02819d78958b571792bb68e31302610e898f80dd3a573"},
    {file = "coverage-7.13.1.tar.gz", hash = "sha256:b7593fe7eb5feaa3fbb461ac79aac9f9fc0387a5ca8080b0c6fe2ca27b091afd"},
]

[package.extras]
toml = ["tomli ; python_full_version <= \"3.11.0a6\""]

[[package]]
name = "iniconfig"
version = "2.0.0"
description = "brain-dead simple config-ini parsing"
optional = false
python-versions = ">=3.7"
groups = ["test"]
files = [
    {file = "iniconfig-2.0.0-py3-none-any.whl", hash = "sha256:b6a85871a79d2e3b22d2d1b94ac2824226a63c6b741c88f7ae975f18b6778374"},
    {file = "iniconfig-2.0.0.tar.gz", hash = "sha256:2d91e135bf72d31a410b17c16da610a82cb55f6b0477d1a902134b24a455b8b3"},
]

[[package]]
name = "numpy"
version = "2.5.3"
description = "Fundamental package for array computing in Python"
optional = false
python-versions = ">=3.12"
groups = ["main"]
files = [
    {file = "numpy-2.5.3-cp312-cp312-macosx_10_13_x86_64.whl", hash = "sha256:cb189f09db39283b26bfd061ec16189e14f71c6755207f72a0f7540867afe5b9"},
    {file = "numpy-2.5.3-cp312-cp312-macosx_11_0_arm64.whl", hash = "sha256:f59a878c33d6b88122d80d239bb3b845d58708750b0cb06a09aebb9b18ec696c"},
    {file = "numpy-2.5.3-cp312-cp312-macosx_14_0_arm64.whl", hash = "sha256:a72f874bc9e10e4b8f80426fb49716d5141f64442a0c8418065093ec8017fbb0"},
    {file = "numpy-2.5.3-cp312-cp312-macosx_14_0_x86_64.whl", hash = "sha256:fc36dc566135b5eceec4cf89758fcb719266a019ef07dae1754ae7c9f617ef3e"},
    {file = "numpy-2.5.3-cp312-cp312-manylinux_2_27_aarch64.manylinux_2_28_aarch64.whl", hash = "sha256:76c2c1e6bfa5c84adc6434dfbf013aa92096a7985221762c8f11fedfd20fff58"},
    {file = "numpy-2.5.3-cp312-cp312-manylinux_2_27_x86_64.manylinux_2_28_x86_64.whl", hash = "sha256:b7e18c623bb5c95acb3b3328861272816ba199fb531921c5d6d0b675f1fde9e3"},
    {file = "numpy-2.5.3-cp312-cp312-musllinux_1_2_aarch64.whl", hash = "sha256:4f8929ee6c96bfbd7b4ed2032e0c03af86fe1826740ab61ddabf9072d06e57ff"},
    {file = "numpy-2.5.3-cp312-cp312-musllinux_1_2_x86_64.whl", hash = "sha256:b5d93cf48f687479941d12b69c873ad2cc76bbd487f0091c2200636497f34034"},
    {file = "numpy-2.5.3-cp312-cp312-win32.whl", hash = "sha256:bf63afbe037eb5d2fe87fbcc7778e61da53ebaf21d938a4515aa73b62532a5d4"},
    {file = "numpy-2.5.3-cp312-cp312-win_amd64.whl", hash = "sha256:0a59a421a32580a009e8a1751345bf829631b990dc1794b80514ab722b435def"},
    {file = "numpy-2.5.3-cp312-cp312-win_arm64.whl", hash = "sha256:ccb32e0525d29e8b0572eb84c9a57af0e7a4e615726927506f55063c62414034"},
    {file = "numpy-2.5.3-cp313-cp313-macosx_10_13_x86_64.whl", hash = "sha256:66a78fe4556c60aceda5916f9eacd638b18e9e681016ec302dcb4682d6d4d034"},
    {file = "numpy-2.5.3-cp313-cp313-macosx_11_0_arm64.whl", hash = "sha256:92f30e89b8ee0ecf363033576c422b2f58fed6a80bed0aa48dff6d14c654663e"},
    {file = "numpy-2.5.3-cp313-cp313-macosx_14_0_arm64.whl", hash = "sha256:f9a2353b37a1a9e78fd82b27ad7e2a32a2d036604d18f02b05e3136c62ca3b09"},
    {file = "numpy-2.5.3-cp313-cp313-macosx_14_0_x86_64.whl", hash = "sha256:ccbc4665079665c3cf3bab4db9f6b095370cd6437d66be549b6c2a1fd19e1958"},
    {file = "numpy-2.5.3-cp313-cp313-manylinux_2_27_aarch64.manylinux_2_28_aarch64.whl", hash = "sha256:c76d5dde9f445058f83d0c02af00557a4db91de9a9a57c0df87d1535001d654b"},
    {file = "numpy-2.5.3-cp313-cp313-manylinux_2_27_x86_64.manylinux_2_28_x86_64.whl", hash = "sha256:a5fa86b80fd24bcd1aff83ad23be44ea323de3f787be8f8b15d4a65621e25321"},
    {file = "numpy-2.5.3-cp313-cp313-musllinux_1_2_aarch64.whl", hash = "sha256:bd4cb9ad3c7889b9b3fe0a9a9fb5d2ed26f9879bff2608d9f01aed147a20d231"},
    {file = "numpy-2.5.3-cp313-cp313-musllinux_1_2_x86_64.whl", hash = "sha256:1302b90c0e52281681b2975adfe8a860cb7b12216a27b4b0b4207c44bf7bccf0"},
    {file = "numpy-2.5.3-cp313-cp313-win32.whl", hash = "sha256:1c80eabb4035ecf4ca9cd49cde8a9fdd69a729e63e6474887d1523ade7aa277f"},
    {file = "numpy-2.5.3-cp313-cp313-win_amd64.whl", hash = "sha256:71cad2b2a7451ab79d8f5e71b453485b6775963d5cf794179144a7463fe6e8ec"},
    {file = "numpy-2.5.3-cp313-cp313-win_arm64.whl", hash = "sha256:8e4dd766076855b5ff7ea52fa5f07ce26286726e0f8bff446b7739d02e6ea204"},
    {file = "numpy-2.5.3-cp314-cp314-macosx_10_15_x86_64.whl", hash = "sha256:350ba9783ce969cf9f7ce6e6a9a58e1a6e2a19ca025b7ee448c4db727706212a"},
    {file = "numpy-2.5.3-cp314-cp314-macosx_11_0_arm64.whl", hash = "sha256:012e66aca395d795496446e52aeeb5866312a5d4d3f27da270e5a0b43f70dc5c"},
    {file = "numpy-2.5.3-cp314-cp314-macosx_14_0_arm64.whl", hash = "sha256:adc1ada2662f8a5f960b8a10d9986897e7499ef07e06d4cfe7197f8cce923c07"},
    {file = "numpy-2.5.3-cp314-cp314-macosx_14_0_x86_64.whl", hash = "sha256:54a115e5a73b8fc44f0cebef486365a1894b5c9760685d4558b72b7c3eb846e0"},
    {file = "numpy-2.5.3-cp314-cp314-manylinux_2_27_aarch64.manylinux_2_28_aarch64.whl", hash = "sha256:be5a8381859b6da607c84f4f7d6847725f1cf1853ef8a2c9e115b7d58bef47dc"},
    {file = "numpy-2.5.3-cp314-cp314-manylinux_2_27_x86_64.manylinux_2_28_x86_64.whl", hash = "sha256:b0521d0f4aebb6e06189451025fa17a913287b13c03d5fe05c017333b654ea5b"},
    {file = "numpy-2.5.3-cp314-cp314-musllinux_1_2_aarch64.whl", hash = "sha256:9deb49575e5b0b94ed72c8a64ec4d033381adc27e9060ae842971f697ba96104"},
    {file = "numpy-2.5.3-cp314-cp314-musllinux_1_2_x86_64.whl", hash = "sha256:b00eefbcf0f292945c4b4dec2ae845389ef5bcdcd596e6e4328051db5b5ba694"},
    {file = "numpy-2.5.3-cp314-cp314-win32.whl", hash = "sha256:c2381f82999704f818e2c987a865050e285ec3621262c66d40f5a96c8f899f8e"},
    {file = "numpy-2.5.3-cp314-cp314-win_amd64.whl", hash = "sha256:2c25dfa72943e4336ddb6b0ee4277b47a0c85bede0807530ec68103bf58e2c10"},
    {file = "numpy-2.5.3-cp314-cp314-win_arm64.whl", hash = "sha256:15aa985ac73a8db02db7663381aa109510449d3819d37206caed27b33a65a8a6"},
    {file = "numpy-2.5.3-cp314-cp314t-macosx_11_0_arm64.whl", hash = "sha256:ac7bb1c52d445bd4f8f7f97fefe6abc3a084dc4d63df50d79b17fa2b78e89297"},
    {file = "numpy-2.5.3-cp314-cp314t-macosx_14_0_arm64.whl", hash = "sha256:e6ab667ba76450084eb64013762c438ea76d9d29cc676dcd6c2e9892ba37f841"},
    {file = "numpy-2.5.3-cp314-cp314t-macosx_14_0_x86_64.whl", hash = "sha256:f7fabeb6cea87d65f3b926de33d03fb016cfdc29314c90974383b5582ae72891"},
    {file = "numpy-2.5.3-cp314-cp314t-manylinux_2_27_aarch64.manylinux_2_28_aarch64.whl", hash = "sha256:1fb6f8fb9ff0b3a69f52c66ce397b0246583e9f28616231b0e32ca49259a5fa6"},
    {file = "numpy-2.5.3-cp314-cp314t-manylinux_2_27_x86_64.manylinux_2_28_x86_64.whl", hash = "sha256:93e1f5447e2b1e479d7bd74701e84746b86450cff1fc368b132d195e2b8f8211"},
    {file = "numpy-2.5.3-cp314-cp314t-musllinux_1_2_aarch64.whl", hash = "sha256:c00abe94c1a69d75d827dcf1c025b25c8a45d230b3bcd77a9020883a1b047653"},
    {file = "numpy-2.5.3-cp314-cp314t-musllinux_1_2_x86_64.whl", hash = "sha256:536f963710a4e63934d80ac0dc4f478804a83e9a84b6828018f25d09953ada33"},
    {file = "numpy-2.5.3-cp314-cp314t-win32.whl", hash = "sha256:4c8a6d2ebce6305fd82fbefca827775437147052a976ee7c94b36a0c1b52ac6c"},
    {file = "numpy-2.5.3-cp314-cp314t-win_amd64.whl", hash = "sha256:9a37475425b431b4d060f23b4f52cd2f3aef6bc7c654bd760adf0040eec9d435"},
    {file = "numpy-2.5.3-cp314-cp314t-win_arm64.whl", hash = "sha256:2d8240cb4c16fd831074aa2b2cf9fc54664d826341d61c372245b96a74a49a9a"},
    {file = "numpy-2.5.3-cp315-cp315-macosx_10_15_x86_64.whl", hash = "sha256:a6391fafaba97500887132cd582abc6e19452b1ac775a47caa7b24490e152058"},
    {file = "numpy-2.5.3-cp315-cp315-macosx_11_0_arm64.whl", hash = "sha256:09d5a423c71ad5feb5625844ad58050e35df43871004b52ac9c0ad44a56775be"},
    {file = "numpy-2.5.3-cp315-cp315-macosx_14_0_arm64.whl", hash = "sha256:f9579f383d1bf9df80081e72760e84960a7fd4f88cf0c9e535a8597c9bb646f5"},
    {file = "numpy-2.5.3-cp315-cp315-macosx_14_0_x86_64.whl", hash = "sha256:86bff898a431c0fb71f7610b75726e75a54d47b37edc9d537f48de63bb3c0b90"},
    {file = "numpy-2.5.3-cp315-cp315-manylinux_2_27_aarch64.manylinux_2_28_aarch64.whl", hash = "sha256:1f3ed25271581281f2fccb1adcedfcde4c07362eec69189b50baf6f90e3ae159"},
    {file = "numpy-2.5.3-cp315-cp315-manylinux_2_27_x86_64.manylinux_2_28_x86_64.whl", hash = "sha256:ffdc76bfcae6b255dff75202c5e7feaf95b40246bc0a17944facc1fecf9f79ab"},
    {file = "numpy-2.5.3-cp315-cp315-musllinux_1_2_aarch64.whl", hash = "sha256:116f96cadd935c6122e9228d676fe7ede19e741f5c8bb1c3cddbe0c51ccebea2"},
    {file = "numpy-2.5.3-cp315-cp315-musllinux_1_2_x86_64.whl", hash = "sha256:09ffa5d903faeaa5c4dd05009cf81c8bab9f2cb37c548b8d39b65b4cfa7c97f7"},
    {file = "numpy-2.5.3-cp315-cp315-win32.whl", hash = "sha256:e01c918ac3d48e18a927cf7b14a26a3e29ff2bdf2eacb976da0aecd6a43ed034"},
    {file = "numpy-2.5.3-cp315-cp315-win_amd64.whl", hash = "sha256:e931e4f499e0dc7ef29d269a8e5b35dd722e5d14be07df6240166ea7c6532fae"},
    {file = "numpy-2.5.3-cp315-cp315-win_arm64.whl", hash = "sha256:26e15e4aecd8617dfbaecb37d223e365d7b39411fba20454be2670a96aa74cb5"},
    {file = "numpy-2.5.3-cp315-cp315t-macosx_10_15_x86_64.whl", hash = "sha256:6cef4bb1706dfec49243c05d921eefb4e190d41e2528b30d8035ea1f36b4c24a"},
    {file = "numpy-2.5.3-cp315-cp315t-macosx_11_0_arm64.whl", hash = "sha256:d1c89973648c85069c5046ad460f7b8a00218b29a2e42359ac8cc63e9ab94832"},
    {file = "numpy-2.5.3-cp315-cp315t-macosx_14_0_arm64.whl", hash = "sha256:214045a5bf00113a146ab9ee9730c44501af6723cdf1f6830932f7b5ef2e7af0"},
    {file = "numpy-2.5.3-cp315-cp315t-macosx_14_0_x86_64.whl", hash = "sha256:8617bbfae4486cf99c9f899966699428d19da931d06ca94ad3da986c76e15997"},
    {file = "numpy-2.5.3-cp315-cp315t-manylinux_2_27_aarch64.manylinux_2_28_aarch64.whl", hash = "sha256:595d020938c84e320bcf40ad71089e108eac0d377cd018e14a8c094f39e98d85"},
    {file = "numpy-2.5.3-cp315-cp315t-manylinux_2_27_x86_64.manylinux_2_28_x86_64.whl", hash = "sha256:6f24021b9f22bc6301c37b196974a92c1c18dccedb6fef3dd252e95f2d6adbe4"},
    {file = "numpy-2.5.3-cp315-cp315t-musllinux_1_2_aarch64.whl", hash = "sha256:71b39d9f935b6ec0f8753e3e2afb51e3efba6f2e05b68b32a40754d24bcd4a3c"},
    {file = "numpy-2.5.3-cp315-cp315t-musllinux_1_2_x86_64.whl", hash = "sha256:6b05c171afb3aa07adbd20abc00aea86fe375beb0fdb9ef780ec5b7f63bab1c0"},
    {file = "numpy-2.5.3-cp315-cp315t-win32.whl", hash = "sha256:f54660b0eb6b0b9f36e7fe1cdfdff472028dd0d14acd9b9b65098efbad059469"},
    {file = "numpy-2.5.3-cp315-cp315t-win_amd64.whl", hash = "sha256:1aad64d99730d013cfc6debafed22783b4fc5a7f4b8bc744d2d8cf7dcc880551"},
    {file = "numpy-2.5.3-cp315-cp315t-win_arm64.whl", hash = "sha256:befa1ae5bd6030b3f512b43ff3fa5290bbed6b84411a44244b14adf835f5b89d"},
    {file = "numpy-2.5.3.tar.gz", hash = "sha256:df2d5874ff183595a4ba404edd04f6bd9b5505c1d7708573f6a6c17489a67563"},
]

[[package]]
name = "packaging"
version = "25.0"
description = "Core utilities for Python packages"
optional = false
python-versions = ">=3.8"
groups = ["test"]
files = [
    {file = "packaging-25.0-py3-none-any.whl", hash = "sha256:29572ef2b1f17581046b3a2227d5c611fb25ec70ca1ba8554b24b0e69331a484"},
    {file = "packaging-25.0.tar.gz", hash = "sha256:d443872c98d677bf60f6a1f2f8c1cb748e8fe762d2bf9d3148b5599295b0fc4f"},
]

[[package]]
name = "pluggy"
version = "1.6.0"
description = "plugin and hook calling mechanisms for python"
optional = false
python-versions = ">=3.9"
groups = ["test"]
files = [
    {file = "pluggy-1.6.0-py3-none-any.whl", hash = "sha256:e920276dd6813095e9377c0bc5566d94c932c33b27a3e3945d8389c374dd4746"},
    {file = "pluggy-1.6.0.tar.gz", hash = "sha256:7dcc130b76258d33b90f61b658791dede3486c3e6bfb003ee5c9bfb396dd22f3"},
]

[package.extras]
dev = ["pre-commit", "tox"]
testing = ["coverage", "pytest", "pytest-benchmark"]

[[package]]
name = "pygments"
version = "2.20.0"
description = "Pygments is a syntax highlighting package written in Python."
optional = false
python-versions = ">=3.9"
groups = ["test"]
files = [
    {file = "pygments-2.20.0-py3-none-any.whl", hash = "sha256:81a9e26dd42fd28a23a2d169d86d7ac03b46e2f8b59ed4698fb4785f946d0176"},
    {file = "pygments-2.20.0.tar.gz", hash = "sha256:6757cd03768053ff99f3039c1a36d6c0aa0b263438fcab17520b30a303a82b5f"},
]

[package.extras]
windows-terminal = ["colorama (>=0.4.6)"]

[[package]]
name = "pytest"
version = "9.0.3"
description = "pytest: simple powerful testing with Python"
optional = false
python-versions = ">=3.10"
groups = ["test"]
files = [
    {file = "pytest-9.0.3-py3-none-any.whl", hash = "sha256:2c5efc453d45394fdd706ade797c0a81091eccd1d6e4bccfcd476e2b8e0ab5d9"},
    {file = "pytest-9.0.3.tar.gz", hash = "sha256:b86ada508af81d19edeb213c681b1d48246c1a91d304c6c81a427674c17eb91c"},
]

[package.dependencies]
colorama = {version = ">=0.4", markers = "sys_platform == \"win32\""}
iniconfig = ">=1.0.1"
packaging = ">=22"
pluggy = ">=1.5,<2"
pygments = ">=2.7.2"

[package.extras]
dev = ["argcomplete", "attrs (>=19.2)", "hypothesis (>=3.56)", "mock", "requests", "setuptools", "xmlschema"]

[[package]]
name = "pytest-cov"
version = "7.0.0"
description = "Pytest plugin for measuring coverage."
optional = false
python-versions = ">=3.9"
groups = ["test"]
files = [
    {file = "pytest_cov-7.0.0-py3-none-any.whl", hash = "sha256:3b8e9558b16cc1479da72058bdecf8073661c7f57f7d3c5f22a1c23507f2d861"},
    {file = "pytest_cov-7.0.0.tar.gz", hash = "sha256:33c97eda2e049a0c5298e91f519302a1334c26ac65c1a483d6206fd458361af1"},
]

[package.dependencies]
coverage = {version = ">=7.10.6", extras = ["toml"]}
pluggy = ">=1.2"
pytest = ">=7"

[package.extras]
testing = ["process-tests", "pytest-xdist", "virtualenv"]

[metadata]
lock-version = "2.1"
python-versions = ">=3.12,<3.15"
content-hash = "25f415159789485278e0cde085185e6a5c3f1b621e6022050d1bd0f2a59036de"
